
Microsoft Visual Studio Solution File, Format Version 12.00
# Visual Studio Version 16
VisualStudioVersion = 16.0.31624.102
MinimumVisualStudioVersion = 10.0.40219.1
Project("{FAE04EC0-301F-11D3-BF4B-00C04F79EFBC}") = "FunctionsReturnAndAraysFromFile", "FunctionsReturnAndArays\FunctionsReturnAndAraysFromFile.csproj", "{C37BE801-606D-4832-A996-F2878EDA3E5F}"
EndProject
Project("{FAE04EC0-301F-11D3-BF4B-00C04F79EFBC}") = "FridayNightRandom", "FridayNightRandom\FridayNightRandom.csproj", "{1DF90639-50EA-43EB-9845-D5D79157BB74}"
EndProject
Project("{FAE04EC0-301F-11D3-BF4B-00C04F79EFBC}") = "FridayNightRandomReturn", "FridayNightRandomReturn\FridayNightRandomReturn.csproj", "{22EAA947-297E-4958-BFAA-0011B8F03286}"
EndProject
Project("{FAE04EC0-301F-11D3-BF4B-00C04F79EFBC}") = "PickRandomFromFile", "PickRandomFromFile\PickRandomFromFile.csproj", "{5DD14F26-F665-40BF-AB8A-3C357C2C6417}"
EndProject
Project("{FAE04EC0-301F-11D3-BF4B-00C04F79EFBC}") = "ChuckNorris", "ChuckNorris\ChuckNorris.csproj", "{DEC32326-8F58-4E5B-9B7A-C44BC2E2F3F6}"
EndProject
Global
	GlobalSection(SolutionConfigurationPlatforms) = preSolution
		Debug|Any CPU = Debug|Any CPU
		Release|Any CPU = Release|Any CPU
	EndGlobalSection
	GlobalSection(ProjectConfigurationPlatforms) = postSolution
		{C37BE801-606D-4832-A996-F2878EDA3E5F}.Debug|Any CPU.ActiveCfg = Debug|Any CPU
		{C37BE801-606D-4832-A996-F2878EDA3E5F}.Debug|Any CPU.Build.0 = Debug|Any CPU
		{C37BE801-606D-4832-A996-F2878EDA3E5F}.Release|Any CPU.ActiveCfg = Release|Any CPU
		{C37BE801-606D-4832-A996-F2878EDA3E5F}.Release|Any CPU.Build.0 = Release|Any CPU
		{1DF90639-50EA-43EB-9845-D5D79157BB74}.Debug|Any CPU.ActiveCfg = Debug|Any CPU
		{1DF90639-50EA-43EB-9845-D5D79157BB74}.Debug|Any CPU.Build.0 = Debug|Any CPU
		{1DF90639-50EA-43EB-9845-D5D79157BB74}.Release|Any CPU.ActiveCfg = Release|Any CPU
		{1DF90639-50EA-43EB-9845-D5D79157BB74}.Release|Any CPU.Build.0 = Release|Any CPU
		{22EAA947-297E-4958-BFAA-0011B8F03286}.Debug|Any CPU.ActiveCfg = Debug|Any CPU
		{22EAA947-297E-4958-BFAA-0011B8F03286}.Debug|Any CPU.Build.0 = Debug|Any CPU
		{22EAA947-297E-4958-BFAA-0011B8F03286}.Release|Any CPU.ActiveCfg = Release|Any CPU
		{22EAA947-297E-4958-BFAA-0011B8F03286}.Release|Any CPU.Build.0 = Release|Any CPU
		{5DD14F26-F665-40BF-AB8A-3C357C2C6417}.Debug|Any CPU.ActiveCfg = Debug|Any CPU
		{5DD14F26-F665-40BF-AB8A-3C357C2C6417}.Debug|Any CPU.Build.0 = Debug|Any CPU
		{5DD14F26-F665-40BF-AB8A-3C357C2C6417}.Release|Any CPU.ActiveCfg = Release|Any CPU
		{5DD14F26-F665-40BF-AB8A-3C357C2C6417}.Release|Any CPU.Build.0 = Release|Any CPU
		{DEC32326-8F58-4E5B-9B7A-C44BC2E2F3F6}.Debug|Any CPU.ActiveCfg = Debug|Any CPU
		{DEC32326-8F58-4E5B-9B7A-C44BC2E2F3F6}.Debug|Any CPU.Build.0 = Debug|Any CPU
		{DEC32326-8F58-4E5B-9B7A-C44BC2E2F3F6}.Release|Any CPU.ActiveCfg = Release|Any CPU
		{DEC32326-8F58-4E5B-9B7A-C44BC2E2F3F6}.Release|Any CPU.Build.0 = Release|Any CPU
	EndGlobalSection
	GlobalSection(SolutionProperties) = preSolution
		HideSolutionNode = FALSE
	EndGlobalSection
	GlobalSection(ExtensibilityGlobals) = postSolution
		SolutionGuid = {9C39032B-DA0E-4EE2-BCE0-25332F249E5A}
	EndGlobalSection
EndGlobal
